{
    "name": "materialize-snippets",
    "version": "1.5.0",
    "lockfileVersion": 2,
    "requires": true,
    "packages": {
        "": {
            "name": "materialize-snippets",
            "version": "1.5.0",
            "license": "MIT",
            "engines": {
                "vscode": "^1.5.0"
            }
        }
    }
}
